
Microsoft Visual Studio Solution File, Format Version 12.00
# Visual Studio Version 17
VisualStudioVersion = 17.5.002.0
MinimumVisualStudioVersion = 10.0.40219.1
Project("{9A19103F-16F7-4668-BE54-9A1E7A4F7556}") = "zenium", "zenium.csproj", "{9A4A66DC-6868-43E5-BA89-3046D3C538F4}"
EndProject
Global
	GlobalSection(SolutionConfigurationPlatforms) = preSolution
		Debug|Any CPU = Debug|Any CPU
		Release|Any CPU = Release|Any CPU
	EndGlobalSection
	GlobalSection(ProjectConfigurationPlatforms) = postSolution
		{9A4A66DC-6868-43E5-BA89-3046D3C538F4}.Debug|Any CPU.ActiveCfg = Debug|Any CPU
		{9A4A66DC-6868-43E5-BA89-3046D3C538F4}.Debug|Any CPU.Build.0 = Debug|Any CPU
		{9A4A66DC-6868-43E5-BA89-3046D3C538F4}.Release|Any CPU.ActiveCfg = Release|Any CPU
		{9A4A66DC-6868-43E5-BA89-3046D3C538F4}.Release|Any CPU.Build.0 = Release|Any CPU
	EndGlobalSection
	GlobalSection(SolutionProperties) = preSolution
		HideSolutionNode = FALSE
	EndGlobalSection
	GlobalSection(ExtensibilityGlobals) = postSolution
		SolutionGuid = {6AED3BB7-7B86-4081-A2B8-56F07DA7137E}
	EndGlobalSection
EndGlobal
